
Microsoft Visual Studio Solution File, Format Version 12.00
# Visual Studio 15
Project("{FAE04EC0-301F-11D3-BF4B-00C04F79EFBC}") = "Assembly-CSharp", "Assembly-CSharp.csproj", "{C893535E-928D-B35D-7689-CEE764AE81D5}"
EndProject
Project("{FAE04EC0-301F-11D3-BF4B-00C04F79EFBC}") = "Assembly-CSharp-Editor", "Assembly-CSharp-Editor.csproj", "{7C961ADA-094F-4D99-18A1-99A938B9A948}"
EndProject
Global
	GlobalSection(SolutionConfigurationPlatforms) = preSolution
		Debug|Any CPU = Debug|Any CPU
		Release|Any CPU = Release|Any CPU
	EndGlobalSection
	GlobalSection(ProjectConfigurationPlatforms) = postSolution
		{C893535E-928D-B35D-7689-CEE764AE81D5}.Debug|Any CPU.ActiveCfg = Debug|Any CPU
		{C893535E-928D-B35D-7689-CEE764AE81D5}.Debug|Any CPU.Build.0 = Debug|Any CPU
		{C893535E-928D-B35D-7689-CEE764AE81D5}.Release|Any CPU.ActiveCfg = Release|Any CPU
		{C893535E-928D-B35D-7689-CEE764AE81D5}.Release|Any CPU.Build.0 = Release|Any CPU
		{7C961ADA-094F-4D99-18A1-99A938B9A948}.Debug|Any CPU.ActiveCfg = Debug|Any CPU
		{7C961ADA-094F-4D99-18A1-99A938B9A948}.Debug|Any CPU.Build.0 = Debug|Any CPU
		{7C961ADA-094F-4D99-18A1-99A938B9A948}.Release|Any CPU.ActiveCfg = Release|Any CPU
		{7C961ADA-094F-4D99-18A1-99A938B9A948}.Release|Any CPU.Build.0 = Release|Any CPU
	EndGlobalSection
	GlobalSection(SolutionProperties) = preSolution
		HideSolutionNode = FALSE
	EndGlobalSection
EndGlobal
